// !$*UTF8*$!
{
	archiveVersion = 1;
	classes = {
	};
	objectVersion = 46;
	objects = {

/* Begin PBXBuildFile section */
		257629EF1EAE3A6B005F5C60 /* AppDelegate.swift in Sources */ = {isa = PBXBuildFile; fileRef = 257629EE1EAE3A6B005F5C60 /* AppDelegate.swift */; };
		257629F11EAE3A6B005F5C60 /* ViewController.swift in Sources */ = {isa = PBXBuildFile; fileRef = 257629F01EAE3A6B005F5C60 /* ViewController.swift */; };
		257629F41EAE3A6B005F5C60 /* Main.storyboard in Resources */ = {isa = PBXBuildFile; fileRef = 257629F21EAE3A6B005F5C60 /* Main.storyboard */; };
		257629F61EAE3A6B005F5C60 /* Assets.xcassets in Resources */ = {isa = PBXBuildFile; fileRef = 257629F51EAE3A6B005F5C60 /* Assets.xcassets */; };
		257629F91EAE3A6B005F5C60 /* LaunchScreen.storyboard in Resources */ = {isa = PBXBuildFile; fileRef = 257629F71EAE3A6B005F5C60 /* LaunchScreen.storyboard */; };
/* End PBXBuildFile section */

/* Begin PBXFileReference section */
		257629EB1EAE3A6B005F5C60 /* codeOne.app */ = {isa = PBXFileReference; explicitFileType = wrapper.application; includeInIndex = 0; path = codeOne.app; sourceTree = BUILT_PRODUCTS_DIR; };
		257629EE1EAE3A6B005F5C60 /* AppDelegate.swift */ = {isa = PBXFileReference; lastKnownFileType = sourcecode.swift; path = AppDelegate.swift; sourceTree = "<group>"; };
		257629F01EAE3A6B005F5C60 /* ViewController.swift */ = {isa = PBXFileReference; lastKnownFileType = sourcecode.swift; path = ViewController.swift; sourceTree = "<group>"; };
		257629F31EAE3A6B005F5C60 /* Base */ = {isa = PBXFileReference; lastKnownFileType = file.storyboard; name = Base; path = Base.lproj/Main.storyboard; sourceTree = "<group>"; };
		257629F51EAE3A6B005F5C60 /* Assets.xcassets */ = {isa = PBXFileReference; lastKnownFileType = folder.assetcatalog; path = Assets.xcassets; sourceTree = "<group>"; };
		257629F81EAE3A6B005F5C60 /* Base */ = {isa = PBXFileReference; lastKnownFileType = file.storyboard; name = Base; path = Base.lproj/LaunchScreen.storyboard; sourceTree = "<group>"; };
		257629FA1EAE3A6B005F5C60 /* Info.plist */ = {isa = PBXFileReference; lastKnownFileType = text.plist.xml; path = Info.plist; sourceTree = "<group>"; };
/* End PBXFileReference section */

/* Begin PBXFrameworksBuildPhase section */
		257629E81EAE3A6B005F5C60 /* Frameworks */ = {
			isa = PBXFrameworksBuildPhase;
			buildActionMask = 2147483647;
			files = (
			);
			runOnlyForDeploymentPostprocessing = 0;
		};
/* End PBXFrameworksBuildPhase section */

/* Begin PBXGroup section */
		257629E21EAE3A6B005F5C60 = {
			isa = PBXGroup;
			children = (
				257629ED1EAE3A6B005F5C60 /* codeOne */,
				257629EC1EAE3A6B005F5C60 /* Products */,
			);
			sourceTree = "<group>";
		};
		257629EC1EAE3A6B005F5C60 /* Products */ = {
			isa = PBXGroup;
			children = (
				257629EB1EAE3A6B005F5C60 /* codeOne.app */,
			);
			name = Products;
			sourceTree = "<group>";
		};
		257629ED1EAE3A6B005F5C60 /* codeOne */ = {
			isa = PBXGroup;
			children = (
				257629EE1EAE3A6B005F5C60 /* AppDelegate.swift */,
				257629F01EAE3A6B005F5C60 /* ViewController.swift */,
				257629F21EAE3A6B005F5C60 /* Main.storyboard */,
				257629F51EAE3A6B005F5C60 /* Assets.xcassets */,
				257629F71EAE3A6B005F5C60 /* LaunchScreen.storyboard */,
				257629FA1EAE3A6B005F5C60 /* Info.plist */,
			);
			path = codeOne;
			sourceTree = "<group>";
		};
/* End PBXGroup section */

/* Begin PBXNativeTarget section */
		257629EA1EAE3A6B005F5C60 /* codeOne */ = {
			isa = PBXNativeTarget;
			buildConfigurationList = 257629FD1EAE3A6B005F5C60 /* Build configuration list for PBXNativeTarget "codeOne" */;
			buildPhases = (
				257629E71EAE3A6B005F5C60 /* Sources */,
				257629E81EAE3A6B005F5C60 /* Frameworks */,
				257629E91EAE3A6B005F5C60 /* Resources */,
			);
			buildRules = (
			);
			dependencies = (
			);
			name = codeOne;
			productName = codeOne;
			productReference = 257629EB1EAE3A6B005F5C60 /* codeOne.app */;
			productType = "com.apple.product-type.application";
		};
/* End PBXNativeTarget section */

/* Begin PBXProject section */
		257629E31EAE3A6B005F5C60 /* Project object */ = {
			isa = PBXProject;
			attributes = {
				LastSwiftUpdateCheck = 0830;
				LastUpgradeCheck = 0830;
				ORGANIZATIONNAME = "Karthik Shashidhar";
				TargetAttributes = {
					257629EA1EAE3A6B005F5C60 = {
						CreatedOnToolsVersion = 8.3.1;
						ProvisioningStyle = Automatic;
					};
				};
			};
			buildConfigurationList = 257629E61EAE3A6B005F5C60 /* Build configuration list for PBXProject "codeOne" */;
			compatibilityVersion = "Xcode 3.2";
			developmentRegion = English;
			hasScannedForEncodings = 0;
			knownRegions = (
				en,
				Base,
			);
			mainGroup = 257629E21EAE3A6B005F5C60;
			productRefGroup = 257629EC1EAE3A6B005F5C60 /* Products */;
			projectDirPath = "";
			projectRoot = "";
			targets = (
				257629EA1EAE3A6B005F5C60 /* codeOne */,
			);
		};
/* End PBXProject section */

/* Begin PBXResourcesBuildPhase section */
		257629E91EAE3A6B005F5C60 /* Resources */ = {
			isa = PBXResourcesBuildPhase;
			buildActionMask = 2147483647;
			files = (
				257629F91EAE3A6B005F5C60 /* LaunchScreen.storyboard in Resources */,
				257629F61EAE3A6B005F5C60 /* Assets.xcassets in Resources */,
				257629F41EAE3A6B005F5C60 /* Main.storyboard in Resources */,
			);
			runOnlyForDeploymentPostprocessing = 0;
		};
/* End PBXResourcesBuildPhase section */

/* Begin PBXSourcesBuildPhase section */
		257629E71EAE3A6B005F5C60 /* Sources */ = {
			isa = PBXSourcesBuildPhase;
			buildActionMask = 2147483647;
			files = (
				257629F11EAE3A6B005F5C60 /* ViewController.swift in Sources */,
				257629EF1EAE3A6B005F5C60 /* AppDelegate.swift in Sources */,
			);
			runOnlyForDeploymentPostprocessing = 0;
		};
/* End PBXSourcesBuildPhase section */

/* Begin PBXVariantGroup section */
		257629F21EAE3A6B005F5C60 /* Main.storyboard */ = {
			isa = PBXVariantGroup;
			children = (
				257629F31EAE3A6B005F5C60 /* Base */,
			);
			name = Main.storyboard;
			sourceTree = "<group>";
		};
		257629F71EAE3A6B005F5C60 /* LaunchScreen.storyboard */ = {
			isa = PBXVariantGroup;
			children = (
				257629F81EAE3A6B005F5C60 /* Base */,
			);
			name = LaunchScreen.storyboard;
			sourceTree = "<group>";
		};
/* End PBXVariantGroup section */

/* Begin XCBuildConfiguration section */
		257629FB1EAE3A6B005F5C60 /* Debug */ = {
			isa = XCBuildConfiguration;
			buildSettings = {
				ALWAYS_SEARCH_USER_PATHS = NO;
				CLANG_ANALYZER_NONNULL = YES;
				CLANG_ANALYZER_NUMBER_OBJECT_CONVERSION = YES_AGGRESSIVE;
				CLANG_CXX_LANGUAGE_STANDARD = "gnu++0x";
				CLANG_CXX_LIBRARY = "libc++";
				CLANG_ENABLE_MODULES = YES;
				CLANG_ENABLE_OBJC_ARC = YES;
				CLANG_WARN_BOOL_CONVERSION = YES;
				CLANG_WARN_CONSTANT_CONVERSION = YES;
				CLANG_WARN_DIRECT_OBJC_ISA_USAGE = YES_ERROR;
				CLANG_WARN_DOCUMENTATION_COMMENTS = YES;
				CLANG_WARN_EMPTY_BODY = YES;
				CLANG_WARN_ENUM_CONVERSION = YES;
				CLANG_WARN_INFINITE_RECURSION = YES;
				CLANG_WARN_INT_CONVERSION = YES;
				CLANG_WARN_OBJC_ROOT_CLASS = YES_ERROR;
				CLANG_WARN_SUSPICIOUS_MOVE = YES;
				CLANG_WARN_UNREACHABLE_CODE = YES;
				CLANG_WARN__DUPLICATE_METHOD_MATCH = YES;
				"CODE_SIGN_IDENTITY[sdk=iphoneos*]" = "iPhone Developer";
				COPY_PHASE_STRIP = NO;
				DEBUG_INFORMATION_FORMAT = dwarf;
				ENABLE_STRICT_OBJC_MSGSEND = YES;
				ENABLE_TESTABILITY = YES;
				GCC_C_LANGUAGE_STANDARD = gnu99;
				GCC_DYNAMIC_NO_PIC = NO;
				GCC_NO_COMMON_BLOCKS = YES;
				GCC_OPTIMIZATION_LEVEL = 0;
				GCC_PREPROCESSOR_DEFINITIONS = (
					"DEBUG=1",
					"$(inherited)",
				);
				GCC_WARN_64_TO_32_BIT_CONVERSION = YES;
				GCC_WARN_ABOUT_RETURN_TYPE = YES_ERROR;
				GCC_WARN_UNDECLARED_SELECTOR = YES;
				GCC_WARN_UNINITIALIZED_AUTOS = YES_AGGRESSIVE;
				GCC_WARN_UNUSED_FUNCTION = YES;
				GCC_WARN_UNUSED_VARIABLE = YES;
				IPHONEOS_DEPLOYMENT_TARGET = 10.3;
				MTL_ENABLE_DEBUG_INFO = YES;
				ONLY_ACTIVE_ARCH = YES;
				SDKROOT = iphoneos;
				SWIFT_ACTIVE_COMPILATION_CONDITIONS = DEBUG;
				SWIFT_OPTIMIZATION_LEVEL = "-Onone";
				TARGETED_DEVICE_FAMILY = "1,2";
			};
			name = Debug;
		};
		257629FC1EAE3A6B005F5C60 /* Release */ = {
			isa = XCBuildConfiguration;
			buildSettings = {
				ALWAYS_SEARCH_USER_PATHS = NO;
				CLANG_ANALYZER_NONNULL = YES;
				CLANG_ANALYZER_NUMBER_OBJECT_CONVERSION = YES_AGGRESSIVE;
				CLANG_CXX_LANGUAGE_STANDARD = "gnu++0x";
				CLANG_CXX_LIBRARY = "libc++";
				CLANG_ENABLE_MODULES = YES;
				CLANG_ENABLE_OBJC_ARC = YES;
				CLANG_WARN_BOOL_CONVERSION = YES;
				CLANG_WARN_CONSTANT_CONVERSION = YES;
				CLANG_WARN_DIRECT_OBJC_ISA_USAGE = YES_ERROR;
				CLANG_WARN_DOCUMENTATION_COMMENTS = YES;
				CLANG_WARN_EMPTY_BODY = YES;
				CLANG_WARN_ENUM_CONVERSION = YES;
				CLANG_WARN_INFINITE_RECURSION = YES;
				CLANG_WARN_INT_CONVERSION = YES;
				CLANG_WARN_OBJC_ROOT_CLASS = YES_ERROR;
				CLANG_WARN_SUSPICIOUS_MOVE = YES;
				CLANG_WARN_UNREACHABLE_CODE = YES;
				CLANG_WARN__DUPLICATE_METHOD_MATCH = YES;
				"CODE_SIGN_IDENTITY[sdk=iphoneos*]" = "iPhone Developer";
				COPY_PHASE_STRIP = NO;
				DEBUG_INFORMATION_FORMAT = "dwarf-with-dsym";
				ENABLE_NS_ASSERTIONS = NO;
				ENABLE_STRICT_OBJC_MSGSEND = YES;
				GCC_C_LANGUAGE_STANDARD = gnu99;
				GCC_NO_COMMON_BLOCKS = YES;
				GCC_WARN_64_TO_32_BIT_CONVERSION = YES;
				GCC_WARN_ABOUT_RETURN_TYPE = YES_ERROR;
				GCC_WARN_UNDECLARED_SELECTOR = YES;
				GCC_WARN_UNINITIALIZED_AUTOS = YES_AGGRESSIVE;
				GCC_WARN_UNUSED_FUNCTION = YES;
				GCC_WARN_UNUSED_VARIABLE = YES;
				IPHONEOS_DEPLOYMENT_TARGET = 10.3;
				MTL_ENABLE_DEBUG_INFO = NO;
				SDKROOT = iphoneos;
				SWIFT_OPTIMIZATION_LEVEL = "-Owholemodule";
				TARGETED_DEVICE_FAMILY = "1,2";
				VALIDATE_PRODUCT = YES;
			};
			name = Release;
		};
		257629FE1EAE3A6B005F5C60 /* Debug */ = {
			isa = XCBuildConfiguration;
			buildSettings = {
				ASSETCATALOG_COMPILER_APPICON_NAME = AppIcon;
				INFOPLIST_FILE = codeOne/Info.plist;
				LD_RUNPATH_SEARCH_PATHS = "$(inherited) @executable_path/Frameworks";
				PRODUCT_BUNDLE_IDENTIFIER = com.karthik.codeOne;
				PRODUCT_NAME = "$(TARGET_NAME)";
				SWIFT_VERSION = 3.0;
			};
			name = Debug;
		};
		257629FF1EAE3A6B005F5C60 /* Release */ = {
			isa = XCBuildConfiguration;
			buildSettings = {
				ASSETCATALOG_COMPILER_APPICON_NAME = AppIcon;
				INFOPLIST_FILE = codeOne/Info.plist;
				LD_RUNPATH_SEARCH_PATHS = "$(inherited) @executable_path/Frameworks";
				PRODUCT_BUNDLE_IDENTIFIER = com.karthik.codeOne;
				PRODUCT_NAME = "$(TARGET_NAME)";
				SWIFT_VERSION = 3.0;
			};
			name = Release;
		};
/* End XCBuildConfiguration section */

/* Begin XCConfigurationList section */
		257629E61EAE3A6B005F5C60 /* Build configuration list for PBXProject "codeOne" */ = {
			isa = XCConfigurationList;
			buildConfigurations = (
				257629FB1EAE3A6B005F5C60 /* Debug */,
				257629FC1EAE3A6B005F5C60 /* Release */,
			);
			defaultConfigurationIsVisible = 0;
			defaultConfigurationName = Release;
		};
		257629FD1EAE3A6B005F5C60 /* Build configuration list for PBXNativeTarget "codeOne" */ = {
			isa = XCConfigurationList;
			buildConfigurations = (
				257629FE1EAE3A6B005F5C60 /* Debug */,
				257629FF1EAE3A6B005F5C60 /* Release */,
			);
			defaultConfigurationIsVisible = 0;
		};
/* End XCConfigurationList section */
	};
	rootObject = 257629E31EAE3A6B005F5C60 /* Project object */;
}
